<?xml version="1.0" encoding="utf-8"?>
<Project ToolsVersion="4.0" xmlns="http://schemas.microsoft.com/developer/msbuild/2003">
  <ItemGroup>
    <Filter Include="Header files">
      <UniqueIdentifier>{93995380-89BD-4b04-88EB-625FBE52EBFB}</UniqueIdentifier>
      <Extensions>h;hh;hpp;hxx;hm;inl;inc;xsd</Extensions>
    </Filter>
    <Filter Include="Source files">
      <UniqueIdentifier>{4FC737F1-C7A5-4376-A066-2A32D752A2FF}</UniqueIdentifier>
      <Extensions>cpp;c;cc;cxx;def;odl;idl;hpj;bat;asm;asmx</Extensions>
    </Filter>
    <Filter Include="Resource files">
      <UniqueIdentifier>{67DA6AB6-F800-4c08-8B7A-83BB121AAD01}</UniqueIdentifier>
      <Extensions>rc;ico;cur;bmp;dlg;rc2;rct;bin;rgs;gif;jpg;jpeg;jpe;resx;tiff;tif;png;wav;mfcribbon-ms</Extensions>
    </Filter>
  </ItemGroup>
  <ItemGroup>
    <ClInclude Include="zimgproc\transform.h">
      <Filter>Header files</Filter>
    </ClInclude>
    <ClInclude Include="zimgproc\zimgproc.h">
      <Filter>Header files</Filter>
    </ClInclude>
    <ClInclude Include="zmatch\zmatch.h">
      <Filter>Header files</Filter>
    </ClInclude>
    <ClInclude Include="zimgproc\zimgproc.hpp">
      <Filter>Source files</Filter>
    </ClInclude>
    <ClInclude Include="zimgproc\transform.hpp">
      <Filter>Source files</Filter>
    </ClInclude>
    <ClInclude Include="config.h">
      <Filter>Header files</Filter>
    </ClInclude>
    <ClInclude Include="zcore.h">
      <Filter>Header files</Filter>
    </ClInclude>
    <ClInclude Include="zcore\operations.hpp">
      <Filter>Header files</Filter>
    </ClInclude>
    <ClInclude Include="zcore\zmatrix.h">
      <Filter>Header files</Filter>
    </ClInclude>
    <ClInclude Include="zcore\types.h">
      <Filter>Header files</Filter>
    </ClInclude>
    <ClInclude Include="zgui\zgui.h">
      <Filter>Header files</Filter>
    </ClInclude>
    <ClInclude Include="kinect\KinectSensor.h">
      <Filter>Header files</Filter>
    </ClInclude>
    <ClInclude Include="black.h">
      <Filter>Header files</Filter>
    </ClInclude>
    <ClInclude Include="debug.h">
      <Filter>Header files</Filter>
    </ClInclude>
  </ItemGroup>
  <ItemGroup>
    <ClCompile Include="main.cpp">
      <Filter>Source files</Filter>
    </ClCompile>
    <ClCompile Include="zmatch\zmatch.cpp">
      <Filter>Source files</Filter>
    </ClCompile>
    <ClCompile Include="zimgproc\zimgproc.cpp">
      <Filter>Source files</Filter>
    </ClCompile>
    <ClCompile Include="zimgproc\transform.cpp">
      <Filter>Source files</Filter>
    </ClCompile>
    <ClCompile Include="zgui\zgui.cpp">
      <Filter>Source files</Filter>
    </ClCompile>
    <ClCompile Include="kinect\KinectSensor.cpp">
      <Filter>Source files</Filter>
    </ClCompile>
  </ItemGroup>
</Project>